Microsoft Visual Studio Solution File, Format Version 12.00
# Visual Studio 15
VisualStudioVersion = 15.0.27004.2002
MinimumVisualStudioVersion = 10.0.40219.1
Project("{8BC9CEB8-8B4A-11D0-8D11-00A0C91BC942}") = "ProjectEuler", "ProjectEuler\ProjectEuler.vcxproj", "{62FCFFA4-2A51-4FC9-869F-47813183E3FE}"
EndProject
Global
	GlobalSection(SolutionConfigurationPlatforms) = preSolution
		Debug|x64 = Debug|x64
		Debug|x86 = Debug|x86
		Release|x64 = Release|x64
		Release|x86 = Release|x86
	EndGlobalSection
	GlobalSection(ProjectConfigurationPlatforms) = postSolution
		{62FCFFA4-2A51-4FC9-869F-47813183E3FE}.Debug|x64.ActiveCfg = Debug|x64
		{62FCFFA4-2A51-4FC9-869F-47813183E3FE}.Debug|x64.Build.0 = Debug|x64
		{62FCFFA4-2A51-4FC9-869F-47813183E3FE}.Debug|x86.ActiveCfg = Debug|Win32
		{62FCFFA4-2A51-4FC9-869F-47813183E3FE}.Debug|x86.Build.0 = Debug|Win32
		{62FCFFA4-2A51-4FC9-869F-47813183E3FE}.Release|x64.ActiveCfg = Release|x64
		{62FCFFA4-2A51-4FC9-869F-47813183E3FE}.Release|x64.Build.0 = Release|x64
		{62FCFFA4-2A51-4FC9-869F-47813183E3FE}.Release|x86.ActiveCfg = Release|Win32
		{62FCFFA4-2A51-4FC9-869F-47813183E3FE}.Release|x86.Build.0 = Release|Win32
	EndGlobalSection
	GlobalSection(SolutionProperties) = preSolution
		HideSolutionNode = FALSE
	EndGlobalSection
	GlobalSection(ExtensibilityGlobals) = postSolution
		    SolutionGuid = {597278E9-0EC2-4C3C-9E48-60FE38C9E7D8}
		SolutionGuid = {F1A93A93-823B-405F-A1E2-C81D8EB735B4}
	EndGlobalSection
EndGlobal
